
Microsoft Visual Studio Solution File, Format Version 12.00
# Visual Studio Version 17
VisualStudioVersion = 17.7.34031.279
MinimumVisualStudioVersion = 10.0.40219.1
Project("{8BC9CEB8-8B4A-11D0-8D11-00A0C91BC942}") = "baekjoon2884", "baekjoon2884\baekjoon2884.vcxproj", "{A82AB0BA-299D-48BA-BCD9-169E51738B45}"
EndProject
Global
	GlobalSection(SolutionConfigurationPlatforms) = preSolution
		Debug|x64 = Debug|x64
		Debug|x86 = Debug|x86
		Release|x64 = Release|x64
		Release|x86 = Release|x86
	EndGlobalSection
	GlobalSection(ProjectConfigurationPlatforms) = postSolution
		{A82AB0BA-299D-48BA-BCD9-169E51738B45}.Debug|x64.ActiveCfg = Debug|x64
		{A82AB0BA-299D-48BA-BCD9-169E51738B45}.Debug|x64.Build.0 = Debug|x64
		{A82AB0BA-299D-48BA-BCD9-169E51738B45}.Debug|x86.ActiveCfg = Debug|Win32
		{A82AB0BA-299D-48BA-BCD9-169E51738B45}.Debug|x86.Build.0 = Debug|Win32
		{A82AB0BA-299D-48BA-BCD9-169E51738B45}.Release|x64.ActiveCfg = Release|x64
		{A82AB0BA-299D-48BA-BCD9-169E51738B45}.Release|x64.Build.0 = Release|x64
		{A82AB0BA-299D-48BA-BCD9-169E51738B45}.Release|x86.ActiveCfg = Release|Win32
		{A82AB0BA-299D-48BA-BCD9-169E51738B45}.Release|x86.Build.0 = Release|Win32
	EndGlobalSection
	GlobalSection(SolutionProperties) = preSolution
		HideSolutionNode = FALSE
	EndGlobalSection
	GlobalSection(ExtensibilityGlobals) = postSolution
		SolutionGuid = {FAB05262-11F6-4D21-B5ED-28101891359F}
	EndGlobalSection
EndGlobal
