
Microsoft Visual Studio Solution File, Format Version 12.00
# Visual Studio Version 17
VisualStudioVersion = 17.7.34031.279
MinimumVisualStudioVersion = 10.0.40219.1
Project("{8BC9CEB8-8B4A-11D0-8D11-00A0C91BC942}") = "[bruteForce]baekjoon2438", "[bruteForce]baekjoon2438\[bruteForce]baekjoon2438.vcxproj", "{81537461-C7D9-4B59-A127-B84500702269}"
EndProject
Global
	GlobalSection(SolutionConfigurationPlatforms) = preSolution
		Debug|x64 = Debug|x64
		Debug|x86 = Debug|x86
		Release|x64 = Release|x64
		Release|x86 = Release|x86
	EndGlobalSection
	GlobalSection(ProjectConfigurationPlatforms) = postSolution
		{81537461-C7D9-4B59-A127-B84500702269}.Debug|x64.ActiveCfg = Debug|x64
		{81537461-C7D9-4B59-A127-B84500702269}.Debug|x64.Build.0 = Debug|x64
		{81537461-C7D9-4B59-A127-B84500702269}.Debug|x86.ActiveCfg = Debug|Win32
		{81537461-C7D9-4B59-A127-B84500702269}.Debug|x86.Build.0 = Debug|Win32
		{81537461-C7D9-4B59-A127-B84500702269}.Release|x64.ActiveCfg = Release|x64
		{81537461-C7D9-4B59-A127-B84500702269}.Release|x64.Build.0 = Release|x64
		{81537461-C7D9-4B59-A127-B84500702269}.Release|x86.ActiveCfg = Release|Win32
		{81537461-C7D9-4B59-A127-B84500702269}.Release|x86.Build.0 = Release|Win32
	EndGlobalSection
	GlobalSection(SolutionProperties) = preSolution
		HideSolutionNode = FALSE
	EndGlobalSection
	GlobalSection(ExtensibilityGlobals) = postSolution
		SolutionGuid = {26C344D7-6D2F-4A0E-A3FF-71C7CF3B31E5}
	EndGlobalSection
EndGlobal
