
Microsoft Visual Studio Solution File, Format Version 12.00
# Visual Studio Version 17
VisualStudioVersion = 17.7.34031.279
MinimumVisualStudioVersion = 10.0.40219.1
Project("{8BC9CEB8-8B4A-11D0-8D11-00A0C91BC942}") = "[backTracking]baekjoon1182", "[backTracking]baekjoon1182\[backTracking]baekjoon1182.vcxproj", "{54501635-8E45-4E18-960C-CE237645B486}"
EndProject
Global
	GlobalSection(SolutionConfigurationPlatforms) = preSolution
		Debug|x64 = Debug|x64
		Debug|x86 = Debug|x86
		Release|x64 = Release|x64
		Release|x86 = Release|x86
	EndGlobalSection
	GlobalSection(ProjectConfigurationPlatforms) = postSolution
		{54501635-8E45-4E18-960C-CE237645B486}.Debug|x64.ActiveCfg = Debug|x64
		{54501635-8E45-4E18-960C-CE237645B486}.Debug|x64.Build.0 = Debug|x64
		{54501635-8E45-4E18-960C-CE237645B486}.Debug|x86.ActiveCfg = Debug|Win32
		{54501635-8E45-4E18-960C-CE237645B486}.Debug|x86.Build.0 = Debug|Win32
		{54501635-8E45-4E18-960C-CE237645B486}.Release|x64.ActiveCfg = Release|x64
		{54501635-8E45-4E18-960C-CE237645B486}.Release|x64.Build.0 = Release|x64
		{54501635-8E45-4E18-960C-CE237645B486}.Release|x86.ActiveCfg = Release|Win32
		{54501635-8E45-4E18-960C-CE237645B486}.Release|x86.Build.0 = Release|Win32
	EndGlobalSection
	GlobalSection(SolutionProperties) = preSolution
		HideSolutionNode = FALSE
	EndGlobalSection
	GlobalSection(ExtensibilityGlobals) = postSolution
		SolutionGuid = {6D7EEE0D-8619-4B40-9117-655099BE49F5}
	EndGlobalSection
EndGlobal
