
Microsoft Visual Studio Solution File, Format Version 12.00
# Visual Studio Version 17
VisualStudioVersion = 17.7.34031.279
MinimumVisualStudioVersion = 10.0.40219.1
Project("{8BC9CEB8-8B4A-11D0-8D11-00A0C91BC942}") = "[bruteForce]baekjoon2798", "[bruteForce]baekjoon2798\[bruteForce]baekjoon2798.vcxproj", "{DA34EE0F-D9AC-4066-A927-2492E47EB772}"
EndProject
Global
	GlobalSection(SolutionConfigurationPlatforms) = preSolution
		Debug|x64 = Debug|x64
		Debug|x86 = Debug|x86
		Release|x64 = Release|x64
		Release|x86 = Release|x86
	EndGlobalSection
	GlobalSection(ProjectConfigurationPlatforms) = postSolution
		{DA34EE0F-D9AC-4066-A927-2492E47EB772}.Debug|x64.ActiveCfg = Debug|x64
		{DA34EE0F-D9AC-4066-A927-2492E47EB772}.Debug|x64.Build.0 = Debug|x64
		{DA34EE0F-D9AC-4066-A927-2492E47EB772}.Debug|x86.ActiveCfg = Debug|Win32
		{DA34EE0F-D9AC-4066-A927-2492E47EB772}.Debug|x86.Build.0 = Debug|Win32
		{DA34EE0F-D9AC-4066-A927-2492E47EB772}.Release|x64.ActiveCfg = Release|x64
		{DA34EE0F-D9AC-4066-A927-2492E47EB772}.Release|x64.Build.0 = Release|x64
		{DA34EE0F-D9AC-4066-A927-2492E47EB772}.Release|x86.ActiveCfg = Release|Win32
		{DA34EE0F-D9AC-4066-A927-2492E47EB772}.Release|x86.Build.0 = Release|Win32
	EndGlobalSection
	GlobalSection(SolutionProperties) = preSolution
		HideSolutionNode = FALSE
	EndGlobalSection
	GlobalSection(ExtensibilityGlobals) = postSolution
		SolutionGuid = {0FF72818-B8B0-4D19-AA26-016747A10FC0}
	EndGlobalSection
EndGlobal
